
Microsoft Visual Studio Solution File, Format Version 12.00
# Visual Studio Version 16
VisualStudioVersion = 16.0.31702.278
MinimumVisualStudioVersion = 10.0.40219.1
Project("{FAE04EC0-301F-11D3-BF4B-00C04F79EFBC}") = "DULL", "DULL.csproj", "{B99633A8-24F5-425F-8DC3-F57845E685F6}"
EndProject
Project("{2150E333-8FDC-42A3-9474-1A3956D46DE8}") = "Assets", "Assets", "{DB310C24-6781-495B-BACE-B966A20744E0}"
	ProjectSection(SolutionItems) = preProject
		..\..\application.ico = ..\..\application.ico
		..\..\..\application.png = ..\..\..\application.png
	EndProjectSection
EndProject
Global
	GlobalSection(SolutionConfigurationPlatforms) = preSolution
		Debug|Any CPU = Debug|Any CPU
		Release|Any CPU = Release|Any CPU
	EndGlobalSection
	GlobalSection(ProjectConfigurationPlatforms) = postSolution
		{B99633A8-24F5-425F-8DC3-F57845E685F6}.Debug|Any CPU.ActiveCfg = Debug|Any CPU
		{B99633A8-24F5-425F-8DC3-F57845E685F6}.Debug|Any CPU.Build.0 = Debug|Any CPU
		{B99633A8-24F5-425F-8DC3-F57845E685F6}.Release|Any CPU.ActiveCfg = Release|Any CPU
		{B99633A8-24F5-425F-8DC3-F57845E685F6}.Release|Any CPU.Build.0 = Release|Any CPU
	EndGlobalSection
	GlobalSection(SolutionProperties) = preSolution
		HideSolutionNode = FALSE
	EndGlobalSection
	GlobalSection(ExtensibilityGlobals) = postSolution
		SolutionGuid = {5B1E0579-7827-4456-B2BE-E2D98C2105BB}
	EndGlobalSection
EndGlobal
